
Microsoft Visual Studio Solution File, Format Version 12.00
# Visual Studio Version 17
VisualStudioVersion = 17.8.34316.72
MinimumVisualStudioVersion = 10.0.40219.1
Project("{FAE04EC0-301F-11D3-BF4B-00C04F79EFBC}") = "G16_interfazArray", "G16_interfazArray\G16_interfazArray.csproj", "{040B5A72-73B0-418B-B4A4-003125C4C12E}"
EndProject
Global
	GlobalSection(SolutionConfigurationPlatforms) = preSolution
		Debug|Any CPU = Debug|Any CPU
		Release|Any CPU = Release|Any CPU
	EndGlobalSection
	GlobalSection(ProjectConfigurationPlatforms) = postSolution
		{040B5A72-73B0-418B-B4A4-003125C4C12E}.Debug|Any CPU.ActiveCfg = Debug|Any CPU
		{040B5A72-73B0-418B-B4A4-003125C4C12E}.Debug|Any CPU.Build.0 = Debug|Any CPU
		{040B5A72-73B0-418B-B4A4-003125C4C12E}.Release|Any CPU.ActiveCfg = Release|Any CPU
		{040B5A72-73B0-418B-B4A4-003125C4C12E}.Release|Any CPU.Build.0 = Release|Any CPU
	EndGlobalSection
	GlobalSection(SolutionProperties) = preSolution
		HideSolutionNode = FALSE
	EndGlobalSection
	GlobalSection(ExtensibilityGlobals) = postSolution
		SolutionGuid = {11440C62-6F1C-4DC6-B54B-C52868C0EDFC}
	EndGlobalSection
EndGlobal
